// !$*UTF8*$!
{
	archiveVersion = 1;
	classes = {
	};
	objectVersion = 46;
	objects = {

/* Begin PBXBuildFile section */
		E9095781173AA6C700A1B6E0 /* Abstracts.xcdatamodeld in Sources */ = {isa = PBXBuildFile; fileRef = E909577F173AA6C700A1B6E0 /* Abstracts.xcdatamodeld */; };
		E932B56319A2581800CA16A6 /* Organization.m in Sources */ = {isa = PBXBuildFile; fileRef = E932B56219A2581800CA16A6 /* Organization.m */; };
		E932B56919A2581900CA16A6 /* Affiliation.m in Sources */ = {isa = PBXBuildFile; fileRef = E932B56819A2581900CA16A6 /* Affiliation.m */; };
		E932B56C19A2581900CA16A6 /* Abstract.m in Sources */ = {isa = PBXBuildFile; fileRef = E932B56B19A2581900CA16A6 /* Abstract.m */; };
		E932B56F19A2581900CA16A6 /* Correspondence.m in Sources */ = {isa = PBXBuildFile; fileRef = E932B56E19A2581900CA16A6 /* Correspondence.m */; };
		E932B57519A2589F00CA16A6 /* Author+Format.m in Sources */ = {isa = PBXBuildFile; fileRef = E932B57419A2589F00CA16A6 /* Author+Format.m */; };
		E932B57819A2593400CA16A6 /* Author.m in Sources */ = {isa = PBXBuildFile; fileRef = E932B57719A2593400CA16A6 /* Author.m */; };
		E932B57B19A25D0800CA16A6 /* NSString+Import.m in Sources */ = {isa = PBXBuildFile; fileRef = E932B57A19A25D0800CA16A6 /* NSString+Import.m */; };
		E9DD689415D2625E00063DBF /* Cocoa.framework in Frameworks */ = {isa = PBXBuildFile; fileRef = E9DD689315D2625E00063DBF /* Cocoa.framework */; };
		E9DD689E15D2625E00063DBF /* InfoPlist.strings in Resources */ = {isa = PBXBuildFile; fileRef = E9DD689C15D2625E00063DBF /* InfoPlist.strings */; };
		E9DD68A015D2625E00063DBF /* main.m in Sources */ = {isa = PBXBuildFile; fileRef = E9DD689F15D2625E00063DBF /* main.m */; };
		E9DD68A415D2625E00063DBF /* Credits.rtf in Resources */ = {isa = PBXBuildFile; fileRef = E9DD68A215D2625E00063DBF /* Credits.rtf */; };
		E9DD68A715D2625E00063DBF /* AppDelegate.m in Sources */ = {isa = PBXBuildFile; fileRef = E9DD68A615D2625E00063DBF /* AppDelegate.m */; };
		E9DD68AA15D2625E00063DBF /* MainMenu.xib in Resources */ = {isa = PBXBuildFile; fileRef = E9DD68A815D2625E00063DBF /* MainMenu.xib */; };
		E9DD68DE15D262F700063DBF /* Abstract+Create.m in Sources */ = {isa = PBXBuildFile; fileRef = E9DD68D915D262F700063DBF /* Abstract+Create.m */; };
		E9DD68DF15D262F700063DBF /* Author+Create.m in Sources */ = {isa = PBXBuildFile; fileRef = E9DD68DB15D262F700063DBF /* Author+Create.m */; };
		E9DD68E015D262F700063DBF /* Organization+Create.m in Sources */ = {isa = PBXBuildFile; fileRef = E9DD68DD15D262F700063DBF /* Organization+Create.m */; };
		E9DD68E315D265DC00063DBF /* Abstract+HTML.m in Sources */ = {isa = PBXBuildFile; fileRef = E9DD68E215D265DC00063DBF /* Abstract+HTML.m */; };
		E9DD68E515D2669E00063DBF /* BCCN_Logo.icns in Resources */ = {isa = PBXBuildFile; fileRef = E9DD68E415D2669E00063DBF /* BCCN_Logo.icns */; };
		E9DD68E715D266AA00063DBF /* WebKit.framework in Frameworks */ = {isa = PBXBuildFile; fileRef = E9DD68E615D266AA00063DBF /* WebKit.framework */; };
		E9DD698F15D4290A00063DBF /* Correspondence+Create.m in Sources */ = {isa = PBXBuildFile; fileRef = E9DD698E15D4290A00063DBF /* Correspondence+Create.m */; };
		E9EFC5B015ECE2AB00E3BA53 /* JSONImporer.m in Sources */ = {isa = PBXBuildFile; fileRef = E9EFC5AF15ECE2AB00E3BA53 /* JSONImporer.m */; };
		E9EFC5B415ECE47C00E3BA53 /* AbstractGroup.m in Sources */ = {isa = PBXBuildFile; fileRef = E9EFC5B315ECE47C00E3BA53 /* AbstractGroup.m */; };
/* End PBXBuildFile section */

/* Begin PBXFileReference section */
		E9095780173AA6C700A1B6E0 /* Abstracts.xcdatamodel */ = {isa = PBXFileReference; lastKnownFileType = wrapper.xcdatamodel; path = Abstracts.xcdatamodel; sourceTree = "<group>"; };
		E932B56119A2581800CA16A6 /* Organization.h */ = {isa = PBXFileReference; fileEncoding = 4; lastKnownFileType = sourcecode.c.h; path = Organization.h; sourceTree = "<group>"; };
		E932B56219A2581800CA16A6 /* Organization.m */ = {isa = PBXFileReference; fileEncoding = 4; lastKnownFileType = sourcecode.c.objc; path = Organization.m; sourceTree = "<group>"; };
		E932B56719A2581900CA16A6 /* Affiliation.h */ = {isa = PBXFileReference; fileEncoding = 4; lastKnownFileType = sourcecode.c.h; path = Affiliation.h; sourceTree = "<group>"; };
		E932B56819A2581900CA16A6 /* Affiliation.m */ = {isa = PBXFileReference; fileEncoding = 4; lastKnownFileType = sourcecode.c.objc; path = Affiliation.m; sourceTree = "<group>"; };
		E932B56A19A2581900CA16A6 /* Abstract.h */ = {isa = PBXFileReference; fileEncoding = 4; lastKnownFileType = sourcecode.c.h; path = Abstract.h; sourceTree = "<group>"; };
		E932B56B19A2581900CA16A6 /* Abstract.m */ = {isa = PBXFileReference; fileEncoding = 4; lastKnownFileType = sourcecode.c.objc; path = Abstract.m; sourceTree = "<group>"; };
		E932B56D19A2581900CA16A6 /* Correspondence.h */ = {isa = PBXFileReference; fileEncoding = 4; lastKnownFileType = sourcecode.c.h; path = Correspondence.h; sourceTree = "<group>"; };
		E932B56E19A2581900CA16A6 /* Correspondence.m */ = {isa = PBXFileReference; fileEncoding = 4; lastKnownFileType = sourcecode.c.objc; path = Correspondence.m; sourceTree = "<group>"; };
		E932B57319A2589F00CA16A6 /* Author+Format.h */ = {isa = PBXFileReference; fileEncoding = 4; lastKnownFileType = sourcecode.c.h; path = "Author+Format.h"; sourceTree = "<group>"; };
		E932B57419A2589F00CA16A6 /* Author+Format.m */ = {isa = PBXFileReference; fileEncoding = 4; lastKnownFileType = sourcecode.c.objc; path = "Author+Format.m"; sourceTree = "<group>"; };
		E932B57619A2593400CA16A6 /* Author.h */ = {isa = PBXFileReference; fileEncoding = 4; lastKnownFileType = sourcecode.c.h; path = Author.h; sourceTree = "<group>"; };
		E932B57719A2593400CA16A6 /* Author.m */ = {isa = PBXFileReference; fileEncoding = 4; lastKnownFileType = sourcecode.c.objc; path = Author.m; sourceTree = "<group>"; };
		E932B57919A25D0800CA16A6 /* NSString+Import.h */ = {isa = PBXFileReference; fileEncoding = 4; lastKnownFileType = sourcecode.c.h; path = "NSString+Import.h"; sourceTree = "<group>"; };
		E932B57A19A25D0800CA16A6 /* NSString+Import.m */ = {isa = PBXFileReference; fileEncoding = 4; lastKnownFileType = sourcecode.c.objc; path = "NSString+Import.m"; sourceTree = "<group>"; };
		E9DD688F15D2625E00063DBF /* AbstractManager.app */ = {isa = PBXFileReference; explicitFileType = wrapper.application; includeInIndex = 0; path = AbstractManager.app; sourceTree = BUILT_PRODUCTS_DIR; };
		E9DD689315D2625E00063DBF /* Cocoa.framework */ = {isa = PBXFileReference; lastKnownFileType = wrapper.framework; name = Cocoa.framework; path = System/Library/Frameworks/Cocoa.framework; sourceTree = SDKROOT; };
		E9DD689615D2625E00063DBF /* AppKit.framework */ = {isa = PBXFileReference; lastKnownFileType = wrapper.framework; name = AppKit.framework; path = System/Library/Frameworks/AppKit.framework; sourceTree = SDKROOT; };
		E9DD689715D2625E00063DBF /* CoreData.framework */ = {isa = PBXFileReference; lastKnownFileType = wrapper.framework; name = CoreData.framework; path = System/Library/Frameworks/CoreData.framework; sourceTree = SDKROOT; };
		E9DD689815D2625E00063DBF /* Foundation.framework */ = {isa = PBXFileReference; lastKnownFileType = wrapper.framework; name = Foundation.framework; path = System/Library/Frameworks/Foundation.framework; sourceTree = SDKROOT; };
		E9DD689B15D2625E00063DBF /* AbstractManager-Info.plist */ = {isa = PBXFileReference; lastKnownFileType = text.plist.xml; path = "AbstractManager-Info.plist"; sourceTree = "<group>"; };
		E9DD689D15D2625E00063DBF /* en */ = {isa = PBXFileReference; lastKnownFileType = text.plist.strings; name = en; path = en.lproj/InfoPlist.strings; sourceTree = "<group>"; };
		E9DD689F15D2625E00063DBF /* main.m */ = {isa = PBXFileReference; lastKnownFileType = sourcecode.c.objc; path = main.m; sourceTree = "<group>"; };
		E9DD68A115D2625E00063DBF /* AbstractManager-Prefix.pch */ = {isa = PBXFileReference; lastKnownFileType = sourcecode.c.h; path = "AbstractManager-Prefix.pch"; sourceTree = "<group>"; };
		E9DD68A315D2625E00063DBF /* en */ = {isa = PBXFileReference; lastKnownFileType = text.rtf; name = en; path = en.lproj/Credits.rtf; sourceTree = "<group>"; };
		E9DD68A515D2625E00063DBF /* AppDelegate.h */ = {isa = PBXFileReference; lastKnownFileType = sourcecode.c.h; path = AppDelegate.h; sourceTree = "<group>"; };
		E9DD68A615D2625E00063DBF /* AppDelegate.m */ = {isa = PBXFileReference; lastKnownFileType = sourcecode.c.objc; path = AppDelegate.m; sourceTree = "<group>"; };
		E9DD68A915D2625E00063DBF /* en */ = {isa = PBXFileReference; lastKnownFileType = file.xib; name = en; path = en.lproj/MainMenu.xib; sourceTree = "<group>"; };
		E9DD68D815D262F700063DBF /* Abstract+Create.h */ = {isa = PBXFileReference; fileEncoding = 4; lastKnownFileType = sourcecode.c.h; name = "Abstract+Create.h"; path = "../Abstract+Create.h"; sourceTree = "<group>"; };
		E9DD68D915D262F700063DBF /* Abstract+Create.m */ = {isa = PBXFileReference; fileEncoding = 4; lastKnownFileType = sourcecode.c.objc; name = "Abstract+Create.m"; path = "../Abstract+Create.m"; sourceTree = "<group>"; };
		E9DD68DA15D262F700063DBF /* Author+Create.h */ = {isa = PBXFileReference; fileEncoding = 4; lastKnownFileType = sourcecode.c.h; name = "Author+Create.h"; path = "../Author+Create.h"; sourceTree = "<group>"; };
		E9DD68DB15D262F700063DBF /* Author+Create.m */ = {isa = PBXFileReference; fileEncoding = 4; lastKnownFileType = sourcecode.c.objc; name = "Author+Create.m"; path = "../Author+Create.m"; sourceTree = "<group>"; };
		E9DD68DC15D262F700063DBF /* Organization+Create.h */ = {isa = PBXFileReference; fileEncoding = 4; lastKnownFileType = sourcecode.c.h; name = "Organization+Create.h"; path = "../Organization+Create.h"; sourceTree = "<group>"; };
		E9DD68DD15D262F700063DBF /* Organization+Create.m */ = {isa = PBXFileReference; fileEncoding = 4; lastKnownFileType = sourcecode.c.objc; name = "Organization+Create.m"; path = "../Organization+Create.m"; sourceTree = "<group>"; };
		E9DD68E115D265DC00063DBF /* Abstract+HTML.h */ = {isa = PBXFileReference; fileEncoding = 4; lastKnownFileType = sourcecode.c.h; name = "Abstract+HTML.h"; path = "../Abstract+HTML.h"; sourceTree = "<group>"; };
		E9DD68E215D265DC00063DBF /* Abstract+HTML.m */ = {isa = PBXFileReference; fileEncoding = 4; lastKnownFileType = sourcecode.c.objc; name = "Abstract+HTML.m"; path = "../Abstract+HTML.m"; sourceTree = "<group>"; };
		E9DD68E415D2669E00063DBF /* BCCN_Logo.icns */ = {isa = PBXFileReference; lastKnownFileType = image.icns; path = BCCN_Logo.icns; sourceTree = "<group>"; };
		E9DD68E615D266AA00063DBF /* WebKit.framework */ = {isa = PBXFileReference; lastKnownFileType = wrapper.framework; name = WebKit.framework; path = System/Library/Frameworks/WebKit.framework; sourceTree = SDKROOT; };
		E9DD698D15D4290A00063DBF /* Correspondence+Create.h */ = {isa = PBXFileReference; fileEncoding = 4; lastKnownFileType = sourcecode.c.h; path = "Correspondence+Create.h"; sourceTree = "<group>"; };
		E9DD698E15D4290A00063DBF /* Correspondence+Create.m */ = {isa = PBXFileReference; fileEncoding = 4; lastKnownFileType = sourcecode.c.objc; path = "Correspondence+Create.m"; sourceTree = "<group>"; };
		E9EFC5AE15ECE2AB00E3BA53 /* JSONImporer.h */ = {isa = PBXFileReference; fileEncoding = 4; lastKnownFileType = sourcecode.c.h; path = JSONImporer.h; sourceTree = "<group>"; };
		E9EFC5AF15ECE2AB00E3BA53 /* JSONImporer.m */ = {isa = PBXFileReference; fileEncoding = 4; lastKnownFileType = sourcecode.c.objc; path = JSONImporer.m; sourceTree = "<group>"; };
		E9EFC5B215ECE47C00E3BA53 /* AbstractGroup.h */ = {isa = PBXFileReference; fileEncoding = 4; lastKnownFileType = sourcecode.c.h; path = AbstractGroup.h; sourceTree = "<group>"; };
		E9EFC5B315ECE47C00E3BA53 /* AbstractGroup.m */ = {isa = PBXFileReference; fileEncoding = 4; lastKnownFileType = sourcecode.c.objc; path = AbstractGroup.m; sourceTree = "<group>"; };
/* End PBXFileReference section */

/* Begin PBXFrameworksBuildPhase section */
		E9DD688C15D2625E00063DBF /* Frameworks */ = {
			isa = PBXFrameworksBuildPhase;
			buildActionMask = 2147483647;
			files = (
				E9DD68E715D266AA00063DBF /* WebKit.framework in Frameworks */,
				E9DD689415D2625E00063DBF /* Cocoa.framework in Frameworks */,
			);
			runOnlyForDeploymentPostprocessing = 0;
		};
/* End PBXFrameworksBuildPhase section */

/* Begin PBXGroup section */
		E9DD688415D2625E00063DBF = {
			isa = PBXGroup;
			children = (
				E9DD68E415D2669E00063DBF /* BCCN_Logo.icns */,
				E9DD689915D2625E00063DBF /* AbstractManager */,
				E9DD689215D2625E00063DBF /* Frameworks */,
				E9DD689015D2625E00063DBF /* Products */,
			);
			sourceTree = "<group>";
		};
		E9DD689015D2625E00063DBF /* Products */ = {
			isa = PBXGroup;
			children = (
				E9DD688F15D2625E00063DBF /* AbstractManager.app */,
			);
			name = Products;
			sourceTree = "<group>";
		};
		E9DD689215D2625E00063DBF /* Frameworks */ = {
			isa = PBXGroup;
			children = (
				E9DD68E615D266AA00063DBF /* WebKit.framework */,
				E9DD689315D2625E00063DBF /* Cocoa.framework */,
				E9DD689515D2625E00063DBF /* Other Frameworks */,
			);
			name = Frameworks;
			sourceTree = "<group>";
		};
		E9DD689515D2625E00063DBF /* Other Frameworks */ = {
			isa = PBXGroup;
			children = (
				E9DD689615D2625E00063DBF /* AppKit.framework */,
				E9DD689715D2625E00063DBF /* CoreData.framework */,
				E9DD689815D2625E00063DBF /* Foundation.framework */,
			);
			name = "Other Frameworks";
			sourceTree = "<group>";
		};
		E9DD689915D2625E00063DBF /* AbstractManager */ = {
			isa = PBXGroup;
			children = (
				E932B57919A25D0800CA16A6 /* NSString+Import.h */,
				E932B57A19A25D0800CA16A6 /* NSString+Import.m */,
				E9DD68BF15D262A100063DBF /* CoreData */,
				E9DD68A515D2625E00063DBF /* AppDelegate.h */,
				E9DD68A615D2625E00063DBF /* AppDelegate.m */,
				E9EFC5B215ECE47C00E3BA53 /* AbstractGroup.h */,
				E9EFC5B315ECE47C00E3BA53 /* AbstractGroup.m */,
				E9EFC5AE15ECE2AB00E3BA53 /* JSONImporer.h */,
				E9EFC5AF15ECE2AB00E3BA53 /* JSONImporer.m */,
				E9DD68A815D2625E00063DBF /* MainMenu.xib */,
				E9DD689A15D2625E00063DBF /* Supporting Files */,
			);
			path = AbstractManager;
			sourceTree = "<group>";
		};
		E9DD689A15D2625E00063DBF /* Supporting Files */ = {
			isa = PBXGroup;
			children = (
				E9DD689B15D2625E00063DBF /* AbstractManager-Info.plist */,
				E9DD689C15D2625E00063DBF /* InfoPlist.strings */,
				E9DD689F15D2625E00063DBF /* main.m */,
				E9DD68A115D2625E00063DBF /* AbstractManager-Prefix.pch */,
				E9DD68A215D2625E00063DBF /* Credits.rtf */,
			);
			name = "Supporting Files";
			sourceTree = "<group>";
		};
		E9DD68BF15D262A100063DBF /* CoreData */ = {
			isa = PBXGroup;
			children = (
				E932B56D19A2581900CA16A6 /* Correspondence.h */,
				E932B56E19A2581900CA16A6 /* Correspondence.m */,
				E932B56A19A2581900CA16A6 /* Abstract.h */,
				E932B56B19A2581900CA16A6 /* Abstract.m */,
				E932B56719A2581900CA16A6 /* Affiliation.h */,
				E932B56819A2581900CA16A6 /* Affiliation.m */,
				E932B56119A2581800CA16A6 /* Organization.h */,
				E932B56219A2581800CA16A6 /* Organization.m */,
				E909577F173AA6C700A1B6E0 /* Abstracts.xcdatamodeld */,
				E932B57619A2593400CA16A6 /* Author.h */,
				E932B57719A2593400CA16A6 /* Author.m */,
				E9DD68E115D265DC00063DBF /* Abstract+HTML.h */,
				E9DD68E215D265DC00063DBF /* Abstract+HTML.m */,
				E9DD68D815D262F700063DBF /* Abstract+Create.h */,
				E9DD68D915D262F700063DBF /* Abstract+Create.m */,
				E9DD68DA15D262F700063DBF /* Author+Create.h */,
				E9DD68DB15D262F700063DBF /* Author+Create.m */,
				E9DD68DC15D262F700063DBF /* Organization+Create.h */,
				E9DD68DD15D262F700063DBF /* Organization+Create.m */,
				E9DD698D15D4290A00063DBF /* Correspondence+Create.h */,
				E9DD698E15D4290A00063DBF /* Correspondence+Create.m */,
				E932B57319A2589F00CA16A6 /* Author+Format.h */,
				E932B57419A2589F00CA16A6 /* Author+Format.m */,
			);
			name = CoreData;
			sourceTree = "<group>";
		};
/* End PBXGroup section */

/* Begin PBXNativeTarget section */
		E9DD688E15D2625E00063DBF /* AbstractManager */ = {
			isa = PBXNativeTarget;
			buildConfigurationList = E9DD68AD15D2625E00063DBF /* Build configuration list for PBXNativeTarget "AbstractManager" */;
			buildPhases = (
				E9DD688B15D2625E00063DBF /* Sources */,
				E9DD688C15D2625E00063DBF /* Frameworks */,
				E9DD688D15D2625E00063DBF /* Resources */,
			);
			buildRules = (
			);
			dependencies = (
			);
			name = AbstractManager;
			productName = AbstractManager;
			productReference = E9DD688F15D2625E00063DBF /* AbstractManager.app */;
			productType = "com.apple.product-type.application";
		};
/* End PBXNativeTarget section */

/* Begin PBXProject section */
		E9DD688615D2625E00063DBF /* Project object */ = {
			isa = PBXProject;
			attributes = {
				LastUpgradeCheck = 0500;
				ORGANIZATIONNAME = "G-Node";
			};
			buildConfigurationList = E9DD688915D2625E00063DBF /* Build configuration list for PBXProject "AbstractManager" */;
			compatibilityVersion = "Xcode 3.2";
			developmentRegion = English;
			hasScannedForEncodings = 0;
			knownRegions = (
				en,
			);
			mainGroup = E9DD688415D2625E00063DBF;
			productRefGroup = E9DD689015D2625E00063DBF /* Products */;
			projectDirPath = "";
			projectRoot = "";
			targets = (
				E9DD688E15D2625E00063DBF /* AbstractManager */,
			);
		};
/* End PBXProject section */

/* Begin PBXResourcesBuildPhase section */
		E9DD688D15D2625E00063DBF /* Resources */ = {
			isa = PBXResourcesBuildPhase;
			buildActionMask = 2147483647;
			files = (
				E9DD689E15D2625E00063DBF /* InfoPlist.strings in Resources */,
				E9DD68A415D2625E00063DBF /* Credits.rtf in Resources */,
				E9DD68AA15D2625E00063DBF /* MainMenu.xib in Resources */,
				E9DD68E515D2669E00063DBF /* BCCN_Logo.icns in Resources */,
			);
			runOnlyForDeploymentPostprocessing = 0;
		};
/* End PBXResourcesBuildPhase section */

/* Begin PBXSourcesBuildPhase section */
		E9DD688B15D2625E00063DBF /* Sources */ = {
			isa = PBXSourcesBuildPhase;
			buildActionMask = 2147483647;
			files = (
				E932B56C19A2581900CA16A6 /* Abstract.m in Sources */,
				E932B57519A2589F00CA16A6 /* Author+Format.m in Sources */,
				E9DD68A015D2625E00063DBF /* main.m in Sources */,
				E9DD68A715D2625E00063DBF /* AppDelegate.m in Sources */,
				E9DD68DE15D262F700063DBF /* Abstract+Create.m in Sources */,
				E932B56F19A2581900CA16A6 /* Correspondence.m in Sources */,
				E9DD68DF15D262F700063DBF /* Author+Create.m in Sources */,
				E9DD68E015D262F700063DBF /* Organization+Create.m in Sources */,
				E932B57B19A25D0800CA16A6 /* NSString+Import.m in Sources */,
				E9DD68E315D265DC00063DBF /* Abstract+HTML.m in Sources */,
				E932B56319A2581800CA16A6 /* Organization.m in Sources */,
				E9DD698F15D4290A00063DBF /* Correspondence+Create.m in Sources */,
				E932B56919A2581900CA16A6 /* Affiliation.m in Sources */,
				E9EFC5B015ECE2AB00E3BA53 /* JSONImporer.m in Sources */,
				E9EFC5B415ECE47C00E3BA53 /* AbstractGroup.m in Sources */,
				E9095781173AA6C700A1B6E0 /* Abstracts.xcdatamodeld in Sources */,
				E932B57819A2593400CA16A6 /* Author.m in Sources */,
			);
			runOnlyForDeploymentPostprocessing = 0;
		};
/* End PBXSourcesBuildPhase section */

/* Begin PBXVariantGroup section */
		E9DD689C15D2625E00063DBF /* InfoPlist.strings */ = {
			isa = PBXVariantGroup;
			children = (
				E9DD689D15D2625E00063DBF /* en */,
			);
			name = InfoPlist.strings;
			sourceTree = "<group>";
		};
		E9DD68A215D2625E00063DBF /* Credits.rtf */ = {
			isa = PBXVariantGroup;
			children = (
				E9DD68A315D2625E00063DBF /* en */,
			);
			name = Credits.rtf;
			sourceTree = "<group>";
		};
		E9DD68A815D2625E00063DBF /* MainMenu.xib */ = {
			isa = PBXVariantGroup;
			children = (
				E9DD68A915D2625E00063DBF /* en */,
			);
			name = MainMenu.xib;
			sourceTree = "<group>";
		};
/* End PBXVariantGroup section */

/* Begin XCBuildConfiguration section */
		E9DD68AB15D2625E00063DBF /* Debug */ = {
			isa = XCBuildConfiguration;
			buildSettings = {
				ALWAYS_SEARCH_USER_PATHS = NO;
				CLANG_CXX_LANGUAGE_STANDARD = "gnu++0x";
				CLANG_ENABLE_OBJC_ARC = YES;
				CLANG_WARN__DUPLICATE_METHOD_MATCH = YES;
				COPY_PHASE_STRIP = NO;
				GCC_C_LANGUAGE_STANDARD = gnu99;
				GCC_DYNAMIC_NO_PIC = NO;
				GCC_ENABLE_OBJC_EXCEPTIONS = YES;
				GCC_OPTIMIZATION_LEVEL = 0;
				GCC_PREPROCESSOR_DEFINITIONS = (
					"DEBUG=1",
					"$(inherited)",
				);
				GCC_SYMBOLS_PRIVATE_EXTERN = NO;
				GCC_WARN_64_TO_32_BIT_CONVERSION = YES;
				GCC_WARN_ABOUT_RETURN_TYPE = YES;
				GCC_WARN_UNINITIALIZED_AUTOS = YES;
				GCC_WARN_UNUSED_VARIABLE = YES;
				MACOSX_DEPLOYMENT_TARGET = 10.8;
				ONLY_ACTIVE_ARCH = YES;
				SDKROOT = macosx;
			};
			name = Debug;
		};
		E9DD68AC15D2625E00063DBF /* Release */ = {
			isa = XCBuildConfiguration;
			buildSettings = {
				ALWAYS_SEARCH_USER_PATHS = NO;
				CLANG_CXX_LANGUAGE_STANDARD = "gnu++0x";
				CLANG_ENABLE_OBJC_ARC = YES;
				CLANG_WARN__DUPLICATE_METHOD_MATCH = YES;
				COPY_PHASE_STRIP = YES;
				DEBUG_INFORMATION_FORMAT = "dwarf-with-dsym";
				GCC_C_LANGUAGE_STANDARD = gnu99;
				GCC_ENABLE_OBJC_EXCEPTIONS = YES;
				GCC_WARN_64_TO_32_BIT_CONVERSION = YES;
				GCC_WARN_ABOUT_RETURN_TYPE = YES;
				GCC_WARN_UNINITIALIZED_AUTOS = YES;
				GCC_WARN_UNUSED_VARIABLE = YES;
				MACOSX_DEPLOYMENT_TARGET = 10.8;
				SDKROOT = macosx;
			};
			name = Release;
		};
		E9DD68AE15D2625E00063DBF /* Debug */ = {
			isa = XCBuildConfiguration;
			buildSettings = {
				CLANG_ENABLE_MODULES = YES;
				COMBINE_HIDPI_IMAGES = YES;
				GCC_PRECOMPILE_PREFIX_HEADER = YES;
				GCC_PREFIX_HEADER = "AbstractManager/AbstractManager-Prefix.pch";
				INFOPLIST_FILE = "AbstractManager/AbstractManager-Info.plist";
				LD_RUNPATH_SEARCH_PATHS = "$(inherited) @executable_path/../Frameworks";
				MACOSX_DEPLOYMENT_TARGET = 10.7;
				PRODUCT_NAME = "$(TARGET_NAME)";
				SWIFT_OPTIMIZATION_LEVEL = "-Onone";
				WRAPPER_EXTENSION = app;
			};
			name = Debug;
		};
		E9DD68AF15D2625E00063DBF /* Release */ = {
			isa = XCBuildConfiguration;
			buildSettings = {
				CLANG_ENABLE_MODULES = YES;
				COMBINE_HIDPI_IMAGES = YES;
				GCC_PRECOMPILE_PREFIX_HEADER = YES;
				GCC_PREFIX_HEADER = "AbstractManager/AbstractManager-Prefix.pch";
				INFOPLIST_FILE = "AbstractManager/AbstractManager-Info.plist";
				LD_RUNPATH_SEARCH_PATHS = "$(inherited) @executable_path/../Frameworks";
				MACOSX_DEPLOYMENT_TARGET = 10.7;
				PRODUCT_NAME = "$(TARGET_NAME)";
				WRAPPER_EXTENSION = app;
			};
			name = Release;
		};
/* End XCBuildConfiguration section */

/* Begin XCConfigurationList section */
		E9DD688915D2625E00063DBF /* Build configuration list for PBXProject "AbstractManager" */ = {
			isa = XCConfigurationList;
			buildConfigurations = (
				E9DD68AB15D2625E00063DBF /* Debug */,
				E9DD68AC15D2625E00063DBF /* Release */,
			);
			defaultConfigurationIsVisible = 0;
			defaultConfigurationName = Release;
		};
		E9DD68AD15D2625E00063DBF /* Build configuration list for PBXNativeTarget "AbstractManager" */ = {
			isa = XCConfigurationList;
			buildConfigurations = (
				E9DD68AE15D2625E00063DBF /* Debug */,
				E9DD68AF15D2625E00063DBF /* Release */,
			);
			defaultConfigurationIsVisible = 0;
			defaultConfigurationName = Release;
		};
/* End XCConfigurationList section */

/* Begin XCVersionGroup section */
		E909577F173AA6C700A1B6E0 /* Abstracts.xcdatamodeld */ = {
			isa = XCVersionGroup;
			children = (
				E9095780173AA6C700A1B6E0 /* Abstracts.xcdatamodel */,
			);
			currentVersion = E9095780173AA6C700A1B6E0 /* Abstracts.xcdatamodel */;
			path = Abstracts.xcdatamodeld;
			sourceTree = "<group>";
			versionGroupType = wrapper.xcdatamodel;
		};
/* End XCVersionGroup section */
	};
	rootObject = E9DD688615D2625E00063DBF /* Project object */;
}
